
Microsoft Visual Studio Solution File, Format Version 12.00
# Visual Studio Version 16
VisualStudioVersion = 16.0.34031.81
MinimumVisualStudioVersion = 10.0.40219.1
Project("{FAE04EC0-301F-11D3-BF4B-00C04F79EFBC}") = "operadora", "operadora\operadora.csproj", "{100FE383-A8AE-48BE-B9D1-F0B844478E48}"
EndProject
Global
	GlobalSection(SolutionConfigurationPlatforms) = preSolution
		Debug|Any CPU = Debug|Any CPU
		Release|Any CPU = Release|Any CPU
	EndGlobalSection
	GlobalSection(ProjectConfigurationPlatforms) = postSolution
		{100FE383-A8AE-48BE-B9D1-F0B844478E48}.Debug|Any CPU.ActiveCfg = Debug|Any CPU
		{100FE383-A8AE-48BE-B9D1-F0B844478E48}.Debug|Any CPU.Build.0 = Debug|Any CPU
		{100FE383-A8AE-48BE-B9D1-F0B844478E48}.Release|Any CPU.ActiveCfg = Release|Any CPU
		{100FE383-A8AE-48BE-B9D1-F0B844478E48}.Release|Any CPU.Build.0 = Release|Any CPU
	EndGlobalSection
	GlobalSection(SolutionProperties) = preSolution
		HideSolutionNode = FALSE
	EndGlobalSection
	GlobalSection(ExtensibilityGlobals) = postSolution
		SolutionGuid = {2ACB5F9C-900E-4AC8-80D5-06629901F1EB}
	EndGlobalSection
EndGlobal
